
Microsoft Visual Studio Solution File, Format Version 12.00
Project("{2150E333-8FDC-42A3-9474-1A3956D46DE8}") = "src", "src", "{F9CC0A82-F2A5-40A3-9B05-46FEE6A3109A}"
EndProject
Project("{2150E333-8FDC-42A3-9474-1A3956D46DE8}") = "Building Blocks", "Building Blocks", "{A77BC26F-304E-4537-B87E-CDE633AD6D88}"
EndProject
Project("{2150E333-8FDC-42A3-9474-1A3956D46DE8}") = "Services", "Services", "{1EE0AF46-5CD7-428E-99BA-C46D82BA6BE8}"
EndProject
Project("{2150E333-8FDC-42A3-9474-1A3956D46DE8}") = "Web", "Web", "{DD802113-A934-471D-8566-630025723590}"
EndProject
Project("{2150E333-8FDC-42A3-9474-1A3956D46DE8}") = "Identity", "Identity", "{2FA779E8-A713-444F-A759-21A915B94ACE}"
EndProject
Project("{FAE04EC0-301F-11D3-BF4B-00C04F79EFBC}") = "Store.Identity.API", "src\services\Store.Identity.API\Store.Identity.API.csproj", "{7175488B-1B88-4A28-9157-8542A260362B}"
EndProject
Project("{2150E333-8FDC-42A3-9474-1A3956D46DE8}") = "MVC", "MVC", "{2832D90C-BF7C-4F5D-9654-8965B2BE257B}"
EndProject
Project("{FAE04EC0-301F-11D3-BF4B-00C04F79EFBC}") = "Store.WebApp.MVC", "src\web\Store.WebApp.MVC\Store.WebApp.MVC.csproj", "{4C48C05E-BC5E-45A8-A856-96A321E891BA}"
EndProject
Project("{2150E333-8FDC-42A3-9474-1A3956D46DE8}") = "Core", "Core", "{9414C4C2-2CE3-4689-9D14-C5D20D658564}"
EndProject
Project("{FAE04EC0-301F-11D3-BF4B-00C04F79EFBC}") = "Store.Core", "src\building blocks\Store.Core\Store.Core.csproj", "{0DC4D116-0AF7-442C-A446-30C67ECCDC60}"
EndProject
Project("{2150E333-8FDC-42A3-9474-1A3956D46DE8}") = "Cart", "Cart", "{87CD121A-109D-4D30-92F2-FEC7078B8B73}"
EndProject
Project("{2150E333-8FDC-42A3-9474-1A3956D46DE8}") = "Catalog", "Catalog", "{053006EA-5FAD-45AE-913D-F584DE485379}"
EndProject
Project("{2150E333-8FDC-42A3-9474-1A3956D46DE8}") = "Customer", "Customer", "{EE697D56-1323-406C-9AF0-704BC64E5D3D}"
EndProject
Project("{2150E333-8FDC-42A3-9474-1A3956D46DE8}") = "Payment", "Payment", "{B4F994C4-4A78-4D4A-BF74-76B928E3560C}"
EndProject
Project("{2150E333-8FDC-42A3-9474-1A3956D46DE8}") = "Order", "Order", "{3427DD0B-D900-46AE-8D4D-1EC883BE67FB}"
EndProject
Project("{FAE04EC0-301F-11D3-BF4B-00C04F79EFBC}") = "Store.Cart.API", "src\services\Store.Cart.API\Store.Cart.API.csproj", "{C5A0A4B7-F16A-4371-8CC1-79D5C36E8EA5}"
EndProject
Project("{FAE04EC0-301F-11D3-BF4B-00C04F79EFBC}") = "Store.Catalog.API", "src\services\Store.Catalog.API\Store.Catalog.API.csproj", "{A7AFF62C-45E2-428E-8FD9-B25417783BA7}"
EndProject
Project("{FAE04EC0-301F-11D3-BF4B-00C04F79EFBC}") = "Store.Customer.API", "src\services\Store.Customer.API\Store.Customer.API.csproj", "{AA88332A-DF91-40AE-9151-AD4F6409D22D}"
EndProject
Project("{FAE04EC0-301F-11D3-BF4B-00C04F79EFBC}") = "Store.Order.API", "src\services\Store.Order.API\Store.Order.API.csproj", "{A354116B-33FB-4C43-A27F-FE80CA609C0D}"
EndProject
Project("{FAE04EC0-301F-11D3-BF4B-00C04F79EFBC}") = "Store.Payment.API", "src\services\Store.Payment.API\Store.Payment.API.csproj", "{8D8DB275-5025-40A7-BA5C-BCFA0F4A84AA}"
EndProject
Global
	GlobalSection(SolutionConfigurationPlatforms) = preSolution
		Debug|Any CPU = Debug|Any CPU
		Release|Any CPU = Release|Any CPU
	EndGlobalSection
	GlobalSection(NestedProjects) = preSolution
		{A77BC26F-304E-4537-B87E-CDE633AD6D88} = {F9CC0A82-F2A5-40A3-9B05-46FEE6A3109A}
		{1EE0AF46-5CD7-428E-99BA-C46D82BA6BE8} = {F9CC0A82-F2A5-40A3-9B05-46FEE6A3109A}
		{DD802113-A934-471D-8566-630025723590} = {F9CC0A82-F2A5-40A3-9B05-46FEE6A3109A}
		{2FA779E8-A713-444F-A759-21A915B94ACE} = {1EE0AF46-5CD7-428E-99BA-C46D82BA6BE8}
		{7175488B-1B88-4A28-9157-8542A260362B} = {2FA779E8-A713-444F-A759-21A915B94ACE}
		{2832D90C-BF7C-4F5D-9654-8965B2BE257B} = {DD802113-A934-471D-8566-630025723590}
		{4C48C05E-BC5E-45A8-A856-96A321E891BA} = {2832D90C-BF7C-4F5D-9654-8965B2BE257B}
		{9414C4C2-2CE3-4689-9D14-C5D20D658564} = {A77BC26F-304E-4537-B87E-CDE633AD6D88}
		{0DC4D116-0AF7-442C-A446-30C67ECCDC60} = {9414C4C2-2CE3-4689-9D14-C5D20D658564}
		{87CD121A-109D-4D30-92F2-FEC7078B8B73} = {1EE0AF46-5CD7-428E-99BA-C46D82BA6BE8}
		{053006EA-5FAD-45AE-913D-F584DE485379} = {1EE0AF46-5CD7-428E-99BA-C46D82BA6BE8}
		{EE697D56-1323-406C-9AF0-704BC64E5D3D} = {1EE0AF46-5CD7-428E-99BA-C46D82BA6BE8}
		{B4F994C4-4A78-4D4A-BF74-76B928E3560C} = {1EE0AF46-5CD7-428E-99BA-C46D82BA6BE8}
		{3427DD0B-D900-46AE-8D4D-1EC883BE67FB} = {1EE0AF46-5CD7-428E-99BA-C46D82BA6BE8}
		{C5A0A4B7-F16A-4371-8CC1-79D5C36E8EA5} = {87CD121A-109D-4D30-92F2-FEC7078B8B73}
		{A7AFF62C-45E2-428E-8FD9-B25417783BA7} = {053006EA-5FAD-45AE-913D-F584DE485379}
		{AA88332A-DF91-40AE-9151-AD4F6409D22D} = {EE697D56-1323-406C-9AF0-704BC64E5D3D}
		{A354116B-33FB-4C43-A27F-FE80CA609C0D} = {3427DD0B-D900-46AE-8D4D-1EC883BE67FB}
		{8D8DB275-5025-40A7-BA5C-BCFA0F4A84AA} = {B4F994C4-4A78-4D4A-BF74-76B928E3560C}
	EndGlobalSection
	GlobalSection(ProjectConfigurationPlatforms) = postSolution
		{7175488B-1B88-4A28-9157-8542A260362B}.Debug|Any CPU.ActiveCfg = Debug|Any CPU
		{7175488B-1B88-4A28-9157-8542A260362B}.Debug|Any CPU.Build.0 = Debug|Any CPU
		{7175488B-1B88-4A28-9157-8542A260362B}.Release|Any CPU.ActiveCfg = Release|Any CPU
		{7175488B-1B88-4A28-9157-8542A260362B}.Release|Any CPU.Build.0 = Release|Any CPU
		{4C48C05E-BC5E-45A8-A856-96A321E891BA}.Debug|Any CPU.ActiveCfg = Debug|Any CPU
		{4C48C05E-BC5E-45A8-A856-96A321E891BA}.Debug|Any CPU.Build.0 = Debug|Any CPU
		{4C48C05E-BC5E-45A8-A856-96A321E891BA}.Release|Any CPU.ActiveCfg = Release|Any CPU
		{4C48C05E-BC5E-45A8-A856-96A321E891BA}.Release|Any CPU.Build.0 = Release|Any CPU
		{0DC4D116-0AF7-442C-A446-30C67ECCDC60}.Debug|Any CPU.ActiveCfg = Debug|Any CPU
		{0DC4D116-0AF7-442C-A446-30C67ECCDC60}.Debug|Any CPU.Build.0 = Debug|Any CPU
		{0DC4D116-0AF7-442C-A446-30C67ECCDC60}.Release|Any CPU.ActiveCfg = Release|Any CPU
		{0DC4D116-0AF7-442C-A446-30C67ECCDC60}.Release|Any CPU.Build.0 = Release|Any CPU
		{C5A0A4B7-F16A-4371-8CC1-79D5C36E8EA5}.Debug|Any CPU.ActiveCfg = Debug|Any CPU
		{C5A0A4B7-F16A-4371-8CC1-79D5C36E8EA5}.Debug|Any CPU.Build.0 = Debug|Any CPU
		{C5A0A4B7-F16A-4371-8CC1-79D5C36E8EA5}.Release|Any CPU.ActiveCfg = Release|Any CPU
		{C5A0A4B7-F16A-4371-8CC1-79D5C36E8EA5}.Release|Any CPU.Build.0 = Release|Any CPU
		{A7AFF62C-45E2-428E-8FD9-B25417783BA7}.Debug|Any CPU.ActiveCfg = Debug|Any CPU
		{A7AFF62C-45E2-428E-8FD9-B25417783BA7}.Debug|Any CPU.Build.0 = Debug|Any CPU
		{A7AFF62C-45E2-428E-8FD9-B25417783BA7}.Release|Any CPU.ActiveCfg = Release|Any CPU
		{A7AFF62C-45E2-428E-8FD9-B25417783BA7}.Release|Any CPU.Build.0 = Release|Any CPU
		{AA88332A-DF91-40AE-9151-AD4F6409D22D}.Debug|Any CPU.ActiveCfg = Debug|Any CPU
		{AA88332A-DF91-40AE-9151-AD4F6409D22D}.Debug|Any CPU.Build.0 = Debug|Any CPU
		{AA88332A-DF91-40AE-9151-AD4F6409D22D}.Release|Any CPU.ActiveCfg = Release|Any CPU
		{AA88332A-DF91-40AE-9151-AD4F6409D22D}.Release|Any CPU.Build.0 = Release|Any CPU
		{A354116B-33FB-4C43-A27F-FE80CA609C0D}.Debug|Any CPU.ActiveCfg = Debug|Any CPU
		{A354116B-33FB-4C43-A27F-FE80CA609C0D}.Debug|Any CPU.Build.0 = Debug|Any CPU
		{A354116B-33FB-4C43-A27F-FE80CA609C0D}.Release|Any CPU.ActiveCfg = Release|Any CPU
		{A354116B-33FB-4C43-A27F-FE80CA609C0D}.Release|Any CPU.Build.0 = Release|Any CPU
		{8D8DB275-5025-40A7-BA5C-BCFA0F4A84AA}.Debug|Any CPU.ActiveCfg = Debug|Any CPU
		{8D8DB275-5025-40A7-BA5C-BCFA0F4A84AA}.Debug|Any CPU.Build.0 = Debug|Any CPU
		{8D8DB275-5025-40A7-BA5C-BCFA0F4A84AA}.Release|Any CPU.ActiveCfg = Release|Any CPU
		{8D8DB275-5025-40A7-BA5C-BCFA0F4A84AA}.Release|Any CPU.Build.0 = Release|Any CPU
	EndGlobalSection
EndGlobal
